{
  "name": "client-project-test",
  "version": "0.0.1",
  "lockfileVersion": 2,
  "requires": true,
  "packages": {
    "": {
      "name": "client-project-test",
      "version": "0.0.1",
      "license": "MIT",
      "dependencies": {
        "@jsonic/csv": "^0.4.3",
        "@jsonic/jsonic-next": "^2.12.1"
      }
    },
    "node_modules/@jsonic/csv": {
      "version": "0.4.3",
      "resolved": "https://registry.npmjs.org/@jsonic/csv/-/csv-0.4.3.tgz",
      "integrity": "sha512-fijxIB6nVl6W03EKFoYNBG71jhVHoVhp8Mv95e25amIQdfZPckDX4N0EZB6q11uCkFi9MgYY69hDZq05GT6lVQ==",
      "peerDependencies": {
        "@jsonic/jsonic-next": ">=2.12.1"
      }
    },
    "node_modules/@jsonic/jsonic-next": {
      "version": "2.12.1",
      "resolved": "https://registry.npmjs.org/@jsonic/jsonic-next/-/jsonic-next-2.12.1.tgz",
      "integrity": "sha512-5s9YUgiYLyKgwBbawEvtMGzuwWHqZobJ7eDH06KihV9INst/S9PxRxA7/OYrMX6TD7Cs5rKPH5uM1qBCH5JVKQ==",
      "bin": {
        "jsonic": "bin/jsonic"
      }
    }
  },
  "dependencies": {
    "@jsonic/csv": {
      "version": "0.4.3",
      "resolved": "https://registry.npmjs.org/@jsonic/csv/-/csv-0.4.3.tgz",
      "integrity": "sha512-fijxIB6nVl6W03EKFoYNBG71jhVHoVhp8Mv95e25amIQdfZPckDX4N0EZB6q11uCkFi9MgYY69hDZq05GT6lVQ==",
      "requires": {}
    },
    "@jsonic/jsonic-next": {
      "version": "2.12.1",
      "resolved": "https://registry.npmjs.org/@jsonic/jsonic-next/-/jsonic-next-2.12.1.tgz",
      "integrity": "sha512-5s9YUgiYLyKgwBbawEvtMGzuwWHqZobJ7eDH06KihV9INst/S9PxRxA7/OYrMX6TD7Cs5rKPH5uM1qBCH5JVKQ=="
    }
  }
}
