{
  "name": "client-project-test",
  "version": "0.0.1",
  "lockfileVersion": 2,
  "requires": true,
  "packages": {
    "": {
      "name": "client-project-test",
      "version": "0.0.1",
      "license": "MIT",
      "dependencies": {
        "@jsonic/csv": "^0.4.3",
        "@jsonic/directive": "^0.11.4",
        "@jsonic/expr": "^0.8.3",
        "@jsonic/hoover": "^0.3.5",
        "@jsonic/ini": "^0.2.4",
        "@jsonic/jsonic-next": "^2.12.1",
        "@jsonic/multisource": "^1.1.0",
        "@jsonic/path": "^0.6.6",
        "@jsonic/toml": "^0.4.4",
        "aontu": "^0.16.0"
      }
    },
    "node_modules/@jsonic/csv": {
      "version": "0.4.3",
      "resolved": "https://registry.npmjs.org/@jsonic/csv/-/csv-0.4.3.tgz",
      "integrity": "sha512-fijxIB6nVl6W03EKFoYNBG71jhVHoVhp8Mv95e25amIQdfZPckDX4N0EZB6q11uCkFi9MgYY69hDZq05GT6lVQ==",
      "peerDependencies": {
        "@jsonic/jsonic-next": ">=2.12.1"
      }
    },
    "node_modules/@jsonic/directive": {
      "version": "0.11.4",
      "resolved": "https://registry.npmjs.org/@jsonic/directive/-/directive-0.11.4.tgz",
      "integrity": "sha512-rzZ5bQJ8jAO2B2+DhQ6puo9AVF+lqVMFCdU/DKRb5ZGGpiMcnsdPW55x//yWY/LHfA4IXTPVhav4z+O+1iZjhg==",
      "peerDependencies": {
        "@jsonic/jsonic-next": ">=2.12.1"
      }
    },
    "node_modules/@jsonic/expr": {
      "version": "0.8.3",
      "resolved": "https://registry.npmjs.org/@jsonic/expr/-/expr-0.8.3.tgz",
      "integrity": "sha512-4AtK7L6C4FVju65CqEnsX6nZtSAtLyw3vSJ84hXz+2FnFfghaugP97uAzqFR0iNUqnyujQWdzeOVM51LowGZKA==",
      "peerDependencies": {
        "@jsonic/jsonic-next": ">=2.12.0"
      }
    },
    "node_modules/@jsonic/hoover": {
      "version": "0.3.5",
      "resolved": "https://registry.npmjs.org/@jsonic/hoover/-/hoover-0.3.5.tgz",
      "integrity": "sha512-P7WTnva3mXctUk8p8Q1gqHCJ7oiFrlMMLvuRARZNC6gz9qJ6OxjDSA8Tz+k+8UlHx5J4X8I/vQJNLVuFTZQxLQ==",
      "peerDependencies": {
        "@jsonic/jsonic-next": ">=2.12.1"
      }
    },
    "node_modules/@jsonic/ini": {
      "version": "0.2.4",
      "resolved": "https://registry.npmjs.org/@jsonic/ini/-/ini-0.2.4.tgz",
      "integrity": "sha512-98mCWvGoGeOmbU8tDcazn9kcK+ofNX97ySKbUOBP1F6MaueE3LqC6mQllg/aELJYmx0MpQH5Ls6t+EAesPOVrA==",
      "peerDependencies": {
        "@jsonic/hoover": ">=0.3.5",
        "@jsonic/jsonic-next": ">=2.12.1"
      }
    },
    "node_modules/@jsonic/jsonic-next": {
      "version": "2.12.1",
      "resolved": "https://registry.npmjs.org/@jsonic/jsonic-next/-/jsonic-next-2.12.1.tgz",
      "integrity": "sha512-5s9YUgiYLyKgwBbawEvtMGzuwWHqZobJ7eDH06KihV9INst/S9PxRxA7/OYrMX6TD7Cs5rKPH5uM1qBCH5JVKQ==",
      "bin": {
        "jsonic": "bin/jsonic"
      }
    },
    "node_modules/@jsonic/multisource": {
      "version": "1.1.0",
      "resolved": "https://registry.npmjs.org/@jsonic/multisource/-/multisource-1.1.0.tgz",
      "integrity": "sha512-AU+hW24kYx+NRYpelyd8LRDdI1sd/EAdpyEaTr2nkT2aRnKkjIW5tNxAQvmi2Ub7hg+HKtBJ+dT2e9F/B+Y41w==",
      "peerDependencies": {
        "@jsonic/directive": ">=0.11.4",
        "@jsonic/jsonic-next": ">=2.12.1"
      }
    },
    "node_modules/@jsonic/path": {
      "version": "0.6.6",
      "resolved": "https://registry.npmjs.org/@jsonic/path/-/path-0.6.6.tgz",
      "integrity": "sha512-NE3BowsKPuJf4WaLa7QixYnoU46kk593oJ4WA9BzZzq9sO1Y66Fx18C4vDSJpGf/6mQMwNIDc6FM6BWS1+luGA==",
      "peerDependencies": {
        "@jsonic/jsonic-next": ">=2.12.1"
      }
    },
    "node_modules/@jsonic/toml": {
      "version": "0.4.4",
      "resolved": "https://registry.npmjs.org/@jsonic/toml/-/toml-0.4.4.tgz",
      "integrity": "sha512-4ZWlW4395WjrIHKBsv+lGisSjxJ7+SYXwb7J/u10d02sLio1XKzmFcetfobaxvxhiKcEL1CyHLWQAODOM1nOgA==",
      "peerDependencies": {
        "@jsonic/jsonic-next": ">=2.12.1"
      }
    },
    "node_modules/aontu": {
      "version": "0.16.0",
      "resolved": "https://registry.npmjs.org/aontu/-/aontu-0.16.0.tgz",
      "integrity": "sha512-5QnDRF5Y6ppv3LvA9foOXKXZPGFWwxJD9ILG9YT3tG3I6OFh7jphvgf95lnTutTWRhXRWn1JO3Qr7S6jAA+pUg==",
      "dependencies": {
        "@jsonic/directive": "^0.11.4",
        "@jsonic/expr": "^0.8.3",
        "@jsonic/jsonic-next": "^2.12.1",
        "@jsonic/multisource": "^1.1.0",
        "@jsonic/path": "^0.6.6"
      }
    }
  },
  "dependencies": {
    "@jsonic/csv": {
      "version": "0.4.3",
      "resolved": "https://registry.npmjs.org/@jsonic/csv/-/csv-0.4.3.tgz",
      "integrity": "sha512-fijxIB6nVl6W03EKFoYNBG71jhVHoVhp8Mv95e25amIQdfZPckDX4N0EZB6q11uCkFi9MgYY69hDZq05GT6lVQ==",
      "requires": {}
    },
    "@jsonic/directive": {
      "version": "0.11.4",
      "resolved": "https://registry.npmjs.org/@jsonic/directive/-/directive-0.11.4.tgz",
      "integrity": "sha512-rzZ5bQJ8jAO2B2+DhQ6puo9AVF+lqVMFCdU/DKRb5ZGGpiMcnsdPW55x//yWY/LHfA4IXTPVhav4z+O+1iZjhg==",
      "requires": {}
    },
    "@jsonic/expr": {
      "version": "0.8.3",
      "resolved": "https://registry.npmjs.org/@jsonic/expr/-/expr-0.8.3.tgz",
      "integrity": "sha512-4AtK7L6C4FVju65CqEnsX6nZtSAtLyw3vSJ84hXz+2FnFfghaugP97uAzqFR0iNUqnyujQWdzeOVM51LowGZKA==",
      "requires": {}
    },
    "@jsonic/hoover": {
      "version": "0.3.5",
      "resolved": "https://registry.npmjs.org/@jsonic/hoover/-/hoover-0.3.5.tgz",
      "integrity": "sha512-P7WTnva3mXctUk8p8Q1gqHCJ7oiFrlMMLvuRARZNC6gz9qJ6OxjDSA8Tz+k+8UlHx5J4X8I/vQJNLVuFTZQxLQ==",
      "requires": {}
    },
    "@jsonic/ini": {
      "version": "0.2.4",
      "resolved": "https://registry.npmjs.org/@jsonic/ini/-/ini-0.2.4.tgz",
      "integrity": "sha512-98mCWvGoGeOmbU8tDcazn9kcK+ofNX97ySKbUOBP1F6MaueE3LqC6mQllg/aELJYmx0MpQH5Ls6t+EAesPOVrA==",
      "requires": {}
    },
    "@jsonic/jsonic-next": {
      "version": "2.12.1",
      "resolved": "https://registry.npmjs.org/@jsonic/jsonic-next/-/jsonic-next-2.12.1.tgz",
      "integrity": "sha512-5s9YUgiYLyKgwBbawEvtMGzuwWHqZobJ7eDH06KihV9INst/S9PxRxA7/OYrMX6TD7Cs5rKPH5uM1qBCH5JVKQ=="
    },
    "@jsonic/multisource": {
      "version": "1.1.0",
      "resolved": "https://registry.npmjs.org/@jsonic/multisource/-/multisource-1.1.0.tgz",
      "integrity": "sha512-AU+hW24kYx+NRYpelyd8LRDdI1sd/EAdpyEaTr2nkT2aRnKkjIW5tNxAQvmi2Ub7hg+HKtBJ+dT2e9F/B+Y41w==",
      "requires": {}
    },
    "@jsonic/path": {
      "version": "0.6.6",
      "resolved": "https://registry.npmjs.org/@jsonic/path/-/path-0.6.6.tgz",
      "integrity": "sha512-NE3BowsKPuJf4WaLa7QixYnoU46kk593oJ4WA9BzZzq9sO1Y66Fx18C4vDSJpGf/6mQMwNIDc6FM6BWS1+luGA==",
      "requires": {}
    },
    "@jsonic/toml": {
      "version": "0.4.4",
      "resolved": "https://registry.npmjs.org/@jsonic/toml/-/toml-0.4.4.tgz",
      "integrity": "sha512-4ZWlW4395WjrIHKBsv+lGisSjxJ7+SYXwb7J/u10d02sLio1XKzmFcetfobaxvxhiKcEL1CyHLWQAODOM1nOgA==",
      "requires": {}
    },
    "aontu": {
      "version": "0.16.0",
      "resolved": "https://registry.npmjs.org/aontu/-/aontu-0.16.0.tgz",
      "integrity": "sha512-5QnDRF5Y6ppv3LvA9foOXKXZPGFWwxJD9ILG9YT3tG3I6OFh7jphvgf95lnTutTWRhXRWn1JO3Qr7S6jAA+pUg==",
      "requires": {
        "@jsonic/directive": "^0.11.4",
        "@jsonic/expr": "^0.8.3",
        "@jsonic/jsonic-next": "^2.12.1",
        "@jsonic/multisource": "^1.1.0",
        "@jsonic/path": "^0.6.6"
      }
    }
  }
}
