{
  "name": "client-project-test",
  "version": "0.0.1",
  "lockfileVersion": 2,
  "requires": true,
  "packages": {
    "": {
      "name": "client-project-test",
      "version": "0.0.1",
      "license": "MIT",
      "dependencies": {
        "@jsonic/csv": "^0.4.0",
        "@jsonic/jsonic-next": "^2.9.1"
      }
    },
    "node_modules/@jsonic/csv": {
      "version": "0.4.0",
      "resolved": "https://registry.npmjs.org/@jsonic/csv/-/csv-0.4.0.tgz",
      "integrity": "sha512-qSABm/Fk45rte9uW35RrJD6bVOxZGOMZeBKO92r1ee6TRmWnjiGYyffN++Rn7au+DnaWOjsdvviK2odaQpvXOw==",
      "peerDependencies": {
        "@jsonic/jsonic-next": ">=2.9.0"
      }
    },
    "node_modules/@jsonic/jsonic-next": {
      "version": "2.9.1",
      "resolved": "https://registry.npmjs.org/@jsonic/jsonic-next/-/jsonic-next-2.9.1.tgz",
      "integrity": "sha512-8FJgNmmQHf/nC2rs01eP0vJXiezQZBcI+FDIkUXkZBMGAcHpc7JpKtq7U50tsUZyM4Qzv3C1mEpmf6LshC5ezg==",
      "bin": {
        "jsonic": "bin/jsonic"
      }
    }
  },
  "dependencies": {
    "@jsonic/csv": {
      "version": "0.4.0",
      "resolved": "https://registry.npmjs.org/@jsonic/csv/-/csv-0.4.0.tgz",
      "integrity": "sha512-qSABm/Fk45rte9uW35RrJD6bVOxZGOMZeBKO92r1ee6TRmWnjiGYyffN++Rn7au+DnaWOjsdvviK2odaQpvXOw==",
      "requires": {}
    },
    "@jsonic/jsonic-next": {
      "version": "2.9.1",
      "resolved": "https://registry.npmjs.org/@jsonic/jsonic-next/-/jsonic-next-2.9.1.tgz",
      "integrity": "sha512-8FJgNmmQHf/nC2rs01eP0vJXiezQZBcI+FDIkUXkZBMGAcHpc7JpKtq7U50tsUZyM4Qzv3C1mEpmf6LshC5ezg=="
    }
  }
}
